
Microsoft Visual Studio Solution File, Format Version 12.00
# Visual Studio Version 17
VisualStudioVersion = 17.7.34031.279
MinimumVisualStudioVersion = 10.0.40219.1
Project("{F184B08F-C81C-45F6-A57F-5ABD9991F28F}") = "PrjMainPage", "PrjMainPage\PrjMainPage.vbproj", "{844C0798-7377-4D60-A14C-E5F11CE4FD62}"
EndProject
Project("{F184B08F-C81C-45F6-A57F-5ABD9991F28F}") = "NameSearchDLL", "NameSearchDLL\NameSearchDLL.vbproj", "{93F33B6A-680E-4486-A44B-EE7800C75B88}"
EndProject
Project("{F184B08F-C81C-45F6-A57F-5ABD9991F28F}") = "SortProject", "SortClass\SortProject.vbproj", "{AE4CA7B7-6267-4DC9-BF00-23A7F52F927C}"
EndProject
Project("{F184B08F-C81C-45F6-A57F-5ABD9991F28F}") = "FilmDatabase", "FilmDatabase\FilmDatabase.vbproj", "{84C66CE3-A2FD-4D9C-8F4A-3BE875D75E2A}"
EndProject
Project("{F184B08F-C81C-45F6-A57F-5ABD9991F28F}") = "EmailSender", "EmailSender\EmailSender.vbproj", "{1A845AED-DC4C-41A4-B1E3-A7DE3EE9BD45}"
EndProject
Project("{F184B08F-C81C-45F6-A57F-5ABD9991F28F}") = "RandomMovie", "RandomMovie\RandomMovie.vbproj", "{3609BB05-752E-4651-86DE-BA5DE611B0B5}"
EndProject
Project("{F184B08F-C81C-45F6-A57F-5ABD9991F28F}") = "WatchStatistics", "WatchStatistics\WatchStatistics.vbproj", "{F20DA00C-6764-45DF-A934-FBD0AEC12E58}"
EndProject
Project("{F184B08F-C81C-45F6-A57F-5ABD9991F28F}") = "RecAlgorythm", "RecAlgorythm\RecAlgorythm.vbproj", "{8CAC1B7B-E8B9-4A4D-BBAA-952316E09C3D}"
EndProject
Project("{2150E333-8FDC-42A3-9474-1A3956D46DE8}") = "Solution Items", "Solution Items", "{12796901-6770-40E1-8E84-67ED8D1DE039}"
	ProjectSection(SolutionItems) = preProject
		..\CSVExporterDNF.dll = ..\CSVExporterDNF.dll
	EndProjectSection
EndProject
Project("{F184B08F-C81C-45F6-A57F-5ABD9991F28F}") = "DllHandler", "DllHandler\DllHandler.vbproj", "{45E038CD-7513-4BE4-B6E4-E7BF38EF2910}"
EndProject
Global
	GlobalSection(SolutionConfigurationPlatforms) = preSolution
		Debug|Any CPU = Debug|Any CPU
		Release|Any CPU = Release|Any CPU
	EndGlobalSection
	GlobalSection(ProjectConfigurationPlatforms) = postSolution
		{844C0798-7377-4D60-A14C-E5F11CE4FD62}.Debug|Any CPU.ActiveCfg = Debug|Any CPU
		{844C0798-7377-4D60-A14C-E5F11CE4FD62}.Debug|Any CPU.Build.0 = Debug|Any CPU
		{844C0798-7377-4D60-A14C-E5F11CE4FD62}.Release|Any CPU.ActiveCfg = Release|Any CPU
		{844C0798-7377-4D60-A14C-E5F11CE4FD62}.Release|Any CPU.Build.0 = Release|Any CPU
		{93F33B6A-680E-4486-A44B-EE7800C75B88}.Debug|Any CPU.ActiveCfg = Debug|Any CPU
		{93F33B6A-680E-4486-A44B-EE7800C75B88}.Debug|Any CPU.Build.0 = Debug|Any CPU
		{93F33B6A-680E-4486-A44B-EE7800C75B88}.Release|Any CPU.ActiveCfg = Release|Any CPU
		{93F33B6A-680E-4486-A44B-EE7800C75B88}.Release|Any CPU.Build.0 = Release|Any CPU
		{AE4CA7B7-6267-4DC9-BF00-23A7F52F927C}.Debug|Any CPU.ActiveCfg = Debug|Any CPU
		{AE4CA7B7-6267-4DC9-BF00-23A7F52F927C}.Debug|Any CPU.Build.0 = Debug|Any CPU
		{AE4CA7B7-6267-4DC9-BF00-23A7F52F927C}.Release|Any CPU.ActiveCfg = Release|Any CPU
		{AE4CA7B7-6267-4DC9-BF00-23A7F52F927C}.Release|Any CPU.Build.0 = Release|Any CPU
		{84C66CE3-A2FD-4D9C-8F4A-3BE875D75E2A}.Debug|Any CPU.ActiveCfg = Debug|Any CPU
		{84C66CE3-A2FD-4D9C-8F4A-3BE875D75E2A}.Debug|Any CPU.Build.0 = Debug|Any CPU
		{84C66CE3-A2FD-4D9C-8F4A-3BE875D75E2A}.Release|Any CPU.ActiveCfg = Release|Any CPU
		{84C66CE3-A2FD-4D9C-8F4A-3BE875D75E2A}.Release|Any CPU.Build.0 = Release|Any CPU
		{1A845AED-DC4C-41A4-B1E3-A7DE3EE9BD45}.Debug|Any CPU.ActiveCfg = Debug|Any CPU
		{1A845AED-DC4C-41A4-B1E3-A7DE3EE9BD45}.Debug|Any CPU.Build.0 = Debug|Any CPU
		{1A845AED-DC4C-41A4-B1E3-A7DE3EE9BD45}.Release|Any CPU.ActiveCfg = Release|Any CPU
		{1A845AED-DC4C-41A4-B1E3-A7DE3EE9BD45}.Release|Any CPU.Build.0 = Release|Any CPU
		{3609BB05-752E-4651-86DE-BA5DE611B0B5}.Debug|Any CPU.ActiveCfg = Debug|Any CPU
		{3609BB05-752E-4651-86DE-BA5DE611B0B5}.Debug|Any CPU.Build.0 = Debug|Any CPU
		{3609BB05-752E-4651-86DE-BA5DE611B0B5}.Release|Any CPU.ActiveCfg = Release|Any CPU
		{3609BB05-752E-4651-86DE-BA5DE611B0B5}.Release|Any CPU.Build.0 = Release|Any CPU
		{F20DA00C-6764-45DF-A934-FBD0AEC12E58}.Debug|Any CPU.ActiveCfg = Debug|Any CPU
		{F20DA00C-6764-45DF-A934-FBD0AEC12E58}.Debug|Any CPU.Build.0 = Debug|Any CPU
		{F20DA00C-6764-45DF-A934-FBD0AEC12E58}.Release|Any CPU.ActiveCfg = Release|Any CPU
		{F20DA00C-6764-45DF-A934-FBD0AEC12E58}.Release|Any CPU.Build.0 = Release|Any CPU
		{8CAC1B7B-E8B9-4A4D-BBAA-952316E09C3D}.Debug|Any CPU.ActiveCfg = Debug|Any CPU
		{8CAC1B7B-E8B9-4A4D-BBAA-952316E09C3D}.Debug|Any CPU.Build.0 = Debug|Any CPU
		{8CAC1B7B-E8B9-4A4D-BBAA-952316E09C3D}.Release|Any CPU.ActiveCfg = Release|Any CPU
		{8CAC1B7B-E8B9-4A4D-BBAA-952316E09C3D}.Release|Any CPU.Build.0 = Release|Any CPU
		{45E038CD-7513-4BE4-B6E4-E7BF38EF2910}.Debug|Any CPU.ActiveCfg = Debug|Any CPU
		{45E038CD-7513-4BE4-B6E4-E7BF38EF2910}.Debug|Any CPU.Build.0 = Debug|Any CPU
		{45E038CD-7513-4BE4-B6E4-E7BF38EF2910}.Release|Any CPU.ActiveCfg = Release|Any CPU
		{45E038CD-7513-4BE4-B6E4-E7BF38EF2910}.Release|Any CPU.Build.0 = Release|Any CPU
	EndGlobalSection
	GlobalSection(SolutionProperties) = preSolution
		HideSolutionNode = FALSE
	EndGlobalSection
	GlobalSection(ExtensibilityGlobals) = postSolution
		SolutionGuid = {8F30CAE3-D1D0-40AF-906A-CBA305A67179}
	EndGlobalSection
EndGlobal
